// !$*UTF8*$!
{
	archiveVersion = 1;
	classes = {
	};
	objectVersion = 46;
	objects = {

/* Begin PBXBuildFile section */
		10E699BA286B9C0ABD09A0C0 /* Pods_Parse_Chat.framework in Frameworks */ = {isa = PBXBuildFile; fileRef = 1631856EF0702B227EC95B8B /* Pods_Parse_Chat.framework */; };
		543BAACF1E5E381600D5E7FE /* AppDelegate.swift in Sources */ = {isa = PBXBuildFile; fileRef = 543BAACE1E5E381600D5E7FE /* AppDelegate.swift */; };
		543BAAD41E5E381600D5E7FE /* Main.storyboard in Resources */ = {isa = PBXBuildFile; fileRef = 543BAAD21E5E381600D5E7FE /* Main.storyboard */; };
		543BAAD61E5E381600D5E7FE /* Assets.xcassets in Resources */ = {isa = PBXBuildFile; fileRef = 543BAAD51E5E381600D5E7FE /* Assets.xcassets */; };
		543BAAD91E5E381600D5E7FE /* LaunchScreen.storyboard in Resources */ = {isa = PBXBuildFile; fileRef = 543BAAD71E5E381600D5E7FE /* LaunchScreen.storyboard */; };
		54FD70891E5E3A1F00ACD2DC /* LoginViewController.swift in Sources */ = {isa = PBXBuildFile; fileRef = 54FD70881E5E3A1F00ACD2DC /* LoginViewController.swift */; };
		54FD708B1E5E52CC00ACD2DC /* ChatViewController.swift in Sources */ = {isa = PBXBuildFile; fileRef = 54FD708A1E5E52CC00ACD2DC /* ChatViewController.swift */; };
		54FD708F1E5E631800ACD2DC /* MessageCell.swift in Sources */ = {isa = PBXBuildFile; fileRef = 54FD708E1E5E631800ACD2DC /* MessageCell.swift */; };
/* End PBXBuildFile section */

/* Begin PBXFileReference section */
		1631856EF0702B227EC95B8B /* Pods_Parse_Chat.framework */ = {isa = PBXFileReference; explicitFileType = wrapper.framework; includeInIndex = 0; path = Pods_Parse_Chat.framework; sourceTree = BUILT_PRODUCTS_DIR; };
		543BAACB1E5E381600D5E7FE /* Parse Chat.app */ = {isa = PBXFileReference; explicitFileType = wrapper.application; includeInIndex = 0; path = "Parse Chat.app"; sourceTree = BUILT_PRODUCTS_DIR; };
		543BAACE1E5E381600D5E7FE /* AppDelegate.swift */ = {isa = PBXFileReference; lastKnownFileType = sourcecode.swift; path = AppDelegate.swift; sourceTree = "<group>"; };
		543BAAD31E5E381600D5E7FE /* Base */ = {isa = PBXFileReference; lastKnownFileType = file.storyboard; name = Base; path = Base.lproj/Main.storyboard; sourceTree = "<group>"; };
		543BAAD51E5E381600D5E7FE /* Assets.xcassets */ = {isa = PBXFileReference; lastKnownFileType = folder.assetcatalog; path = Assets.xcassets; sourceTree = "<group>"; };
		543BAAD81E5E381600D5E7FE /* Base */ = {isa = PBXFileReference; lastKnownFileType = file.storyboard; name = Base; path = Base.lproj/LaunchScreen.storyboard; sourceTree = "<group>"; };
		543BAADA1E5E381600D5E7FE /* Info.plist */ = {isa = PBXFileReference; lastKnownFileType = text.plist.xml; path = Info.plist; sourceTree = "<group>"; };
		54FD70881E5E3A1F00ACD2DC /* LoginViewController.swift */ = {isa = PBXFileReference; fileEncoding = 4; lastKnownFileType = sourcecode.swift; path = LoginViewController.swift; sourceTree = "<group>"; };
		54FD708A1E5E52CC00ACD2DC /* ChatViewController.swift */ = {isa = PBXFileReference; fileEncoding = 4; lastKnownFileType = sourcecode.swift; path = ChatViewController.swift; sourceTree = "<group>"; };
		54FD708E1E5E631800ACD2DC /* MessageCell.swift */ = {isa = PBXFileReference; fileEncoding = 4; lastKnownFileType = sourcecode.swift; path = MessageCell.swift; sourceTree = "<group>"; };
		89FC1A9806A456D2B1BA77EE /* Pods-Parse Chat.debug.xcconfig */ = {isa = PBXFileReference; includeInIndex = 1; lastKnownFileType = text.xcconfig; name = "Pods-Parse Chat.debug.xcconfig"; path = "Pods/Target Support Files/Pods-Parse Chat/Pods-Parse Chat.debug.xcconfig"; sourceTree = "<group>"; };
		9F230476EA87BEB9DABBF2F8 /* Pods-Parse Chat.release.xcconfig */ = {isa = PBXFileReference; includeInIndex = 1; lastKnownFileType = text.xcconfig; name = "Pods-Parse Chat.release.xcconfig"; path = "Pods/Target Support Files/Pods-Parse Chat/Pods-Parse Chat.release.xcconfig"; sourceTree = "<group>"; };
/* End PBXFileReference section */

/* Begin PBXFrameworksBuildPhase section */
		543BAAC81E5E381600D5E7FE /* Frameworks */ = {
			isa = PBXFrameworksBuildPhase;
			buildActionMask = 2147483647;
			files = (
				10E699BA286B9C0ABD09A0C0 /* Pods_Parse_Chat.framework in Frameworks */,
			);
			runOnlyForDeploymentPostprocessing = 0;
		};
/* End PBXFrameworksBuildPhase section */

/* Begin PBXGroup section */
		543BAAC21E5E381600D5E7FE = {
			isa = PBXGroup;
			children = (
				543BAACD1E5E381600D5E7FE /* Parse Chat */,
				543BAACC1E5E381600D5E7FE /* Products */,
				6A56AAAE065620B9DA0F2DB2 /* Pods */,
				AC8B88FA5E52451104EF9892 /* Frameworks */,
			);
			sourceTree = "<group>";
		};
		543BAACC1E5E381600D5E7FE /* Products */ = {
			isa = PBXGroup;
			children = (
				543BAACB1E5E381600D5E7FE /* Parse Chat.app */,
			);
			name = Products;
			sourceTree = "<group>";
		};
		543BAACD1E5E381600D5E7FE /* Parse Chat */ = {
			isa = PBXGroup;
			children = (
				543BAACE1E5E381600D5E7FE /* AppDelegate.swift */,
				54FD708D1E5E52D800ACD2DC /* View Controllers */,
				543BAAD21E5E381600D5E7FE /* Main.storyboard */,
				54FD708E1E5E631800ACD2DC /* MessageCell.swift */,
				543BAAD51E5E381600D5E7FE /* Assets.xcassets */,
				543BAAD71E5E381600D5E7FE /* LaunchScreen.storyboard */,
				543BAADA1E5E381600D5E7FE /* Info.plist */,
			);
			path = "Parse Chat";
			sourceTree = "<group>";
		};
		54FD708D1E5E52D800ACD2DC /* View Controllers */ = {
			isa = PBXGroup;
			children = (
				54FD70881E5E3A1F00ACD2DC /* LoginViewController.swift */,
				54FD708A1E5E52CC00ACD2DC /* ChatViewController.swift */,
			);
			name = "View Controllers";
			sourceTree = "<group>";
		};
		6A56AAAE065620B9DA0F2DB2 /* Pods */ = {
			isa = PBXGroup;
			children = (
				89FC1A9806A456D2B1BA77EE /* Pods-Parse Chat.debug.xcconfig */,
				9F230476EA87BEB9DABBF2F8 /* Pods-Parse Chat.release.xcconfig */,
			);
			name = Pods;
			sourceTree = "<group>";
		};
		AC8B88FA5E52451104EF9892 /* Frameworks */ = {
			isa = PBXGroup;
			children = (
				1631856EF0702B227EC95B8B /* Pods_Parse_Chat.framework */,
			);
			name = Frameworks;
			sourceTree = "<group>";
		};
/* End PBXGroup section */

/* Begin PBXNativeTarget section */
		543BAACA1E5E381600D5E7FE /* Parse Chat */ = {
			isa = PBXNativeTarget;
			buildConfigurationList = 543BAADD1E5E381600D5E7FE /* Build configuration list for PBXNativeTarget "Parse Chat" */;
			buildPhases = (
				DA873B49C22CECE68D8B60D8 /* [CP] Check Pods Manifest.lock */,
				543BAAC71E5E381600D5E7FE /* Sources */,
				543BAAC81E5E381600D5E7FE /* Frameworks */,
				543BAAC91E5E381600D5E7FE /* Resources */,
				1FA3CC5D3DCB19C7BA79B756 /* [CP] Embed Pods Frameworks */,
				0F5C8F191EFC45D12A111D9F /* [CP] Copy Pods Resources */,
			);
			buildRules = (
			);
			dependencies = (
			);
			name = "Parse Chat";
			productName = "Parse Chat";
			productReference = 543BAACB1E5E381600D5E7FE /* Parse Chat.app */;
			productType = "com.apple.product-type.application";
		};
/* End PBXNativeTarget section */

/* Begin PBXProject section */
		543BAAC31E5E381600D5E7FE /* Project object */ = {
			isa = PBXProject;
			attributes = {
				LastSwiftUpdateCheck = 0820;
				LastUpgradeCheck = 0820;
				ORGANIZATIONNAME = "Akbar Mirza";
				TargetAttributes = {
					543BAACA1E5E381600D5E7FE = {
						CreatedOnToolsVersion = 8.2.1;
						DevelopmentTeam = 29HC3KS7ZA;
						ProvisioningStyle = Automatic;
					};
				};
			};
			buildConfigurationList = 543BAAC61E5E381600D5E7FE /* Build configuration list for PBXProject "Parse Chat" */;
			compatibilityVersion = "Xcode 3.2";
			developmentRegion = English;
			hasScannedForEncodings = 0;
			knownRegions = (
				en,
				Base,
			);
			mainGroup = 543BAAC21E5E381600D5E7FE;
			productRefGroup = 543BAACC1E5E381600D5E7FE /* Products */;
			projectDirPath = "";
			projectRoot = "";
			targets = (
				543BAACA1E5E381600D5E7FE /* Parse Chat */,
			);
		};
/* End PBXProject section */

/* Begin PBXResourcesBuildPhase section */
		543BAAC91E5E381600D5E7FE /* Resources */ = {
			isa = PBXResourcesBuildPhase;
			buildActionMask = 2147483647;
			files = (
				543BAAD91E5E381600D5E7FE /* LaunchScreen.storyboard in Resources */,
				543BAAD61E5E381600D5E7FE /* Assets.xcassets in Resources */,
				543BAAD41E5E381600D5E7FE /* Main.storyboard in Resources */,
			);
			runOnlyForDeploymentPostprocessing = 0;
		};
/* End PBXResourcesBuildPhase section */

/* Begin PBXShellScriptBuildPhase section */
		0F5C8F191EFC45D12A111D9F /* [CP] Copy Pods Resources */ = {
			isa = PBXShellScriptBuildPhase;
			buildActionMask = 2147483647;
			files = (
			);
			inputPaths = (
			);
			name = "[CP] Copy Pods Resources";
			outputPaths = (
			);
			runOnlyForDeploymentPostprocessing = 0;
			shellPath = /bin/sh;
			shellScript = "\"${SRCROOT}/Pods/Target Support Files/Pods-Parse Chat/Pods-Parse Chat-resources.sh\"\n";
			showEnvVarsInLog = 0;
		};
		1FA3CC5D3DCB19C7BA79B756 /* [CP] Embed Pods Frameworks */ = {
			isa = PBXShellScriptBuildPhase;
			buildActionMask = 2147483647;
			files = (
			);
			inputPaths = (
			);
			name = "[CP] Embed Pods Frameworks";
			outputPaths = (
			);
			runOnlyForDeploymentPostprocessing = 0;
			shellPath = /bin/sh;
			shellScript = "\"${SRCROOT}/Pods/Target Support Files/Pods-Parse Chat/Pods-Parse Chat-frameworks.sh\"\n";
			showEnvVarsInLog = 0;
		};
		DA873B49C22CECE68D8B60D8 /* [CP] Check Pods Manifest.lock */ = {
			isa = PBXShellScriptBuildPhase;
			buildActionMask = 2147483647;
			files = (
			);
			inputPaths = (
			);
			name = "[CP] Check Pods Manifest.lock";
			outputPaths = (
			);
			runOnlyForDeploymentPostprocessing = 0;
			shellPath = /bin/sh;
			shellScript = "diff \"${PODS_ROOT}/../Podfile.lock\" \"${PODS_ROOT}/Manifest.lock\" > /dev/null\nif [ $? != 0 ] ; then\n    # print error to STDERR\n    echo \"error: The sandbox is not in sync with the Podfile.lock. Run 'pod install' or update your CocoaPods installation.\" >&2\n    exit 1\nfi\n";
			showEnvVarsInLog = 0;
		};
/* End PBXShellScriptBuildPhase section */

/* Begin PBXSourcesBuildPhase section */
		543BAAC71E5E381600D5E7FE /* Sources */ = {
			isa = PBXSourcesBuildPhase;
			buildActionMask = 2147483647;
			files = (
				54FD70891E5E3A1F00ACD2DC /* LoginViewController.swift in Sources */,
				54FD708F1E5E631800ACD2DC /* MessageCell.swift in Sources */,
				54FD708B1E5E52CC00ACD2DC /* ChatViewController.swift in Sources */,
				543BAACF1E5E381600D5E7FE /* AppDelegate.swift in Sources */,
			);
			runOnlyForDeploymentPostprocessing = 0;
		};
/* End PBXSourcesBuildPhase section */

/* Begin PBXVariantGroup section */
		543BAAD21E5E381600D5E7FE /* Main.storyboard */ = {
			isa = PBXVariantGroup;
			children = (
				543BAAD31E5E381600D5E7FE /* Base */,
			);
			name = Main.storyboard;
			sourceTree = "<group>";
		};
		543BAAD71E5E381600D5E7FE /* LaunchScreen.storyboard */ = {
			isa = PBXVariantGroup;
			children = (
				543BAAD81E5E381600D5E7FE /* Base */,
			);
			name = LaunchScreen.storyboard;
			sourceTree = "<group>";
		};
/* End PBXVariantGroup section */

/* Begin XCBuildConfiguration section */
		543BAADB1E5E381600D5E7FE /* Debug */ = {
			isa = XCBuildConfiguration;
			buildSettings = {
				ALWAYS_SEARCH_USER_PATHS = NO;
				CLANG_ANALYZER_NONNULL = YES;
				CLANG_CXX_LANGUAGE_STANDARD = "gnu++0x";
				CLANG_CXX_LIBRARY = "libc++";
				CLANG_ENABLE_MODULES = YES;
				CLANG_ENABLE_OBJC_ARC = YES;
				CLANG_WARN_BOOL_CONVERSION = YES;
				CLANG_WARN_CONSTANT_CONVERSION = YES;
				CLANG_WARN_DIRECT_OBJC_ISA_USAGE = YES_ERROR;
				CLANG_WARN_DOCUMENTATION_COMMENTS = YES;
				CLANG_WARN_EMPTY_BODY = YES;
				CLANG_WARN_ENUM_CONVERSION = YES;
				CLANG_WARN_INFINITE_RECURSION = YES;
				CLANG_WARN_INT_CONVERSION = YES;
				CLANG_WARN_OBJC_ROOT_CLASS = YES_ERROR;
				CLANG_WARN_SUSPICIOUS_MOVE = YES;
				CLANG_WARN_UNREACHABLE_CODE = YES;
				CLANG_WARN__DUPLICATE_METHOD_MATCH = YES;
				"CODE_SIGN_IDENTITY[sdk=iphoneos*]" = "iPhone Developer";
				COPY_PHASE_STRIP = NO;
				DEBUG_INFORMATION_FORMAT = dwarf;
				ENABLE_STRICT_OBJC_MSGSEND = YES;
				ENABLE_TESTABILITY = YES;
				GCC_C_LANGUAGE_STANDARD = gnu99;
				GCC_DYNAMIC_NO_PIC = NO;
				GCC_NO_COMMON_BLOCKS = YES;
				GCC_OPTIMIZATION_LEVEL = 0;
				GCC_PREPROCESSOR_DEFINITIONS = (
					"DEBUG=1",
					"$(inherited)",
				);
				GCC_WARN_64_TO_32_BIT_CONVERSION = YES;
				GCC_WARN_ABOUT_RETURN_TYPE = YES_ERROR;
				GCC_WARN_UNDECLARED_SELECTOR = YES;
				GCC_WARN_UNINITIALIZED_AUTOS = YES_AGGRESSIVE;
				GCC_WARN_UNUSED_FUNCTION = YES;
				GCC_WARN_UNUSED_VARIABLE = YES;
				IPHONEOS_DEPLOYMENT_TARGET = 10.2;
				MTL_ENABLE_DEBUG_INFO = YES;
				ONLY_ACTIVE_ARCH = YES;
				SDKROOT = iphoneos;
				SWIFT_ACTIVE_COMPILATION_CONDITIONS = DEBUG;
				SWIFT_OPTIMIZATION_LEVEL = "-Onone";
				TARGETED_DEVICE_FAMILY = "1,2";
			};
			name = Debug;
		};
		543BAADC1E5E381600D5E7FE /* Release */ = {
			isa = XCBuildConfiguration;
			buildSettings = {
				ALWAYS_SEARCH_USER_PATHS = NO;
				CLANG_ANALYZER_NONNULL = YES;
				CLANG_CXX_LANGUAGE_STANDARD = "gnu++0x";
				CLANG_CXX_LIBRARY = "libc++";
				CLANG_ENABLE_MODULES = YES;
				CLANG_ENABLE_OBJC_ARC = YES;
				CLANG_WARN_BOOL_CONVERSION = YES;
				CLANG_WARN_CONSTANT_CONVERSION = YES;
				CLANG_WARN_DIRECT_OBJC_ISA_USAGE = YES_ERROR;
				CLANG_WARN_DOCUMENTATION_COMMENTS = YES;
				CLANG_WARN_EMPTY_BODY = YES;
				CLANG_WARN_ENUM_CONVERSION = YES;
				CLANG_WARN_INFINITE_RECURSION = YES;
				CLANG_WARN_INT_CONVERSION = YES;
				CLANG_WARN_OBJC_ROOT_CLASS = YES_ERROR;
				CLANG_WARN_SUSPICIOUS_MOVE = YES;
				CLANG_WARN_UNREACHABLE_CODE = YES;
				CLANG_WARN__DUPLICATE_METHOD_MATCH = YES;
				"CODE_SIGN_IDENTITY[sdk=iphoneos*]" = "iPhone Developer";
				COPY_PHASE_STRIP = NO;
				DEBUG_INFORMATION_FORMAT = "dwarf-with-dsym";
				ENABLE_NS_ASSERTIONS = NO;
				ENABLE_STRICT_OBJC_MSGSEND = YES;
				GCC_C_LANGUAGE_STANDARD = gnu99;
				GCC_NO_COMMON_BLOCKS = YES;
				GCC_WARN_64_TO_32_BIT_CONVERSION = YES;
				GCC_WARN_ABOUT_RETURN_TYPE = YES_ERROR;
				GCC_WARN_UNDECLARED_SELECTOR = YES;
				GCC_WARN_UNINITIALIZED_AUTOS = YES_AGGRESSIVE;
				GCC_WARN_UNUSED_FUNCTION = YES;
				GCC_WARN_UNUSED_VARIABLE = YES;
				IPHONEOS_DEPLOYMENT_TARGET = 10.2;
				MTL_ENABLE_DEBUG_INFO = NO;
				SDKROOT = iphoneos;
				SWIFT_OPTIMIZATION_LEVEL = "-Owholemodule";
				TARGETED_DEVICE_FAMILY = "1,2";
				VALIDATE_PRODUCT = YES;
			};
			name = Release;
		};
		543BAADE1E5E381600D5E7FE /* Debug */ = {
			isa = XCBuildConfiguration;
			baseConfigurationReference = 89FC1A9806A456D2B1BA77EE /* Pods-Parse Chat.debug.xcconfig */;
			buildSettings = {
				ASSETCATALOG_COMPILER_APPICON_NAME = AppIcon;
				DEVELOPMENT_TEAM = 29HC3KS7ZA;
				INFOPLIST_FILE = "Parse Chat/Info.plist";
				LD_RUNPATH_SEARCH_PATHS = "$(inherited) @executable_path/Frameworks";
				PRODUCT_BUNDLE_IDENTIFIER = "com.akbar.Parse-Chat";
				PRODUCT_NAME = "$(TARGET_NAME)";
				SWIFT_VERSION = 3.0;
			};
			name = Debug;
		};
		543BAADF1E5E381600D5E7FE /* Release */ = {
			isa = XCBuildConfiguration;
			baseConfigurationReference = 9F230476EA87BEB9DABBF2F8 /* Pods-Parse Chat.release.xcconfig */;
			buildSettings = {
				ASSETCATALOG_COMPILER_APPICON_NAME = AppIcon;
				DEVELOPMENT_TEAM = 29HC3KS7ZA;
				INFOPLIST_FILE = "Parse Chat/Info.plist";
				LD_RUNPATH_SEARCH_PATHS = "$(inherited) @executable_path/Frameworks";
				PRODUCT_BUNDLE_IDENTIFIER = "com.akbar.Parse-Chat";
				PRODUCT_NAME = "$(TARGET_NAME)";
				SWIFT_VERSION = 3.0;
			};
			name = Release;
		};
/* End XCBuildConfiguration section */

/* Begin XCConfigurationList section */
		543BAAC61E5E381600D5E7FE /* Build configuration list for PBXProject "Parse Chat" */ = {
			isa = XCConfigurationList;
			buildConfigurations = (
				543BAADB1E5E381600D5E7FE /* Debug */,
				543BAADC1E5E381600D5E7FE /* Release */,
			);
			defaultConfigurationIsVisible = 0;
			defaultConfigurationName = Release;
		};
		543BAADD1E5E381600D5E7FE /* Build configuration list for PBXNativeTarget "Parse Chat" */ = {
			isa = XCConfigurationList;
			buildConfigurations = (
				543BAADE1E5E381600D5E7FE /* Debug */,
				543BAADF1E5E381600D5E7FE /* Release */,
			);
			defaultConfigurationIsVisible = 0;
			defaultConfigurationName = Release;
		};
/* End XCConfigurationList section */
	};
	rootObject = 543BAAC31E5E381600D5E7FE /* Project object */;
}
